// !$*UTF8*$!
{
	archiveVersion = 1;
	classes = {
	};
	objectVersion = 77;
	objects = {

/* Begin PBXBuildFile section */
		5C42B06A2E7480560022EC41 /* LightweightCharts in Frameworks */ = {isa = PBXBuildFile; productRef = 5C42B0692E7480560022EC41 /* LightweightCharts */; };
		5C9FFFEC2E747B820079CEEB /* LightweightCharts in Frameworks */ = {isa = PBXBuildFile; productRef = 5C9FFFEB2E747B820079CEEB /* LightweightCharts */; };
/* End PBXBuildFile section */

/* Begin PBXContainerItemProxy section */
		5CE73FB52E7417AB005AC381 /* PBXContainerItemProxy */ = {
			isa = PBXContainerItemProxy;
			containerPortal = 5CE73F9E2E7417A9005AC381 /* Project object */;
			proxyType = 1;
			remoteGlobalIDString = 5CE73FA52E7417A9005AC381;
			remoteInfo = KLineSwift;
		};
		5CE73FBF2E7417AB005AC381 /* PBXContainerItemProxy */ = {
			isa = PBXContainerItemProxy;
			containerPortal = 5CE73F9E2E7417A9005AC381 /* Project object */;
			proxyType = 1;
			remoteGlobalIDString = 5CE73FA52E7417A9005AC381;
			remoteInfo = KLineSwift;
		};
/* End PBXContainerItemProxy section */

/* Begin PBXFileReference section */
		5CE73FA62E7417A9005AC381 /* KLineSwift.app */ = {isa = PBXFileReference; explicitFileType = wrapper.application; includeInIndex = 0; path = KLineSwift.app; sourceTree = BUILT_PRODUCTS_DIR; };
		5CE73FB42E7417AB005AC381 /* KLineSwiftTests.xctest */ = {isa = PBXFileReference; explicitFileType = wrapper.cfbundle; includeInIndex = 0; path = KLineSwiftTests.xctest; sourceTree = BUILT_PRODUCTS_DIR; };
		5CE73FBE2E7417AB005AC381 /* KLineSwiftUITests.xctest */ = {isa = PBXFileReference; explicitFileType = wrapper.cfbundle; includeInIndex = 0; path = KLineSwiftUITests.xctest; sourceTree = BUILT_PRODUCTS_DIR; };
/* End PBXFileReference section */

/* Begin PBXFileSystemSynchronizedRootGroup section */
		5CE73FA82E7417A9005AC381 /* KLineSwift */ = {
			isa = PBXFileSystemSynchronizedRootGroup;
			path = KLineSwift;
			sourceTree = "<group>";
		};
		5CE73FB72E7417AB005AC381 /* KLineSwiftTests */ = {
			isa = PBXFileSystemSynchronizedRootGroup;
			path = KLineSwiftTests;
			sourceTree = "<group>";
		};
		5CE73FC12E7417AB005AC381 /* KLineSwiftUITests */ = {
			isa = PBXFileSystemSynchronizedRootGroup;
			path = KLineSwiftUITests;
			sourceTree = "<group>";
		};
/* End PBXFileSystemSynchronizedRootGroup section */

/* Begin PBXFrameworksBuildPhase section */
		5CE73FA32E7417A9005AC381 /* Frameworks */ = {
			isa = PBXFrameworksBuildPhase;
			buildActionMask = 2147483647;
			files = (
				5C42B06A2E7480560022EC41 /* LightweightCharts in Frameworks */,
				5C9FFFEC2E747B820079CEEB /* LightweightCharts in Frameworks */,
			);
			runOnlyForDeploymentPostprocessing = 0;
		};
		5CE73FB12E7417AB005AC381 /* Frameworks */ = {
			isa = PBXFrameworksBuildPhase;
			buildActionMask = 2147483647;
			files = (
			);
			runOnlyForDeploymentPostprocessing = 0;
		};
		5CE73FBB2E7417AB005AC381 /* Frameworks */ = {
			isa = PBXFrameworksBuildPhase;
			buildActionMask = 2147483647;
			files = (
			);
			runOnlyForDeploymentPostprocessing = 0;
		};
/* End PBXFrameworksBuildPhase section */

/* Begin PBXGroup section */
		5CE73F9D2E7417A9005AC381 = {
			isa = PBXGroup;
			children = (
				5CE73FA82E7417A9005AC381 /* KLineSwift */,
				5CE73FB72E7417AB005AC381 /* KLineSwiftTests */,
				5CE73FC12E7417AB005AC381 /* KLineSwiftUITests */,
				5CE73FA72E7417A9005AC381 /* Products */,
			);
			sourceTree = "<group>";
		};
		5CE73FA72E7417A9005AC381 /* Products */ = {
			isa = PBXGroup;
			children = (
				5CE73FA62E7417A9005AC381 /* KLineSwift.app */,
				5CE73FB42E7417AB005AC381 /* KLineSwiftTests.xctest */,
				5CE73FBE2E7417AB005AC381 /* KLineSwiftUITests.xctest */,
			);
			name = Products;
			sourceTree = "<group>";
		};
/* End PBXGroup section */

/* Begin PBXNativeTarget section */
		5CE73FA52E7417A9005AC381 /* KLineSwift */ = {
			isa = PBXNativeTarget;
			buildConfigurationList = 5CE73FC82E7417AB005AC381 /* Build configuration list for PBXNativeTarget "KLineSwift" */;
			buildPhases = (
				5CE73FA22E7417A9005AC381 /* Sources */,
				5CE73FA32E7417A9005AC381 /* Frameworks */,
				5CE73FA42E7417A9005AC381 /* Resources */,
			);
			buildRules = (
			);
			dependencies = (
				5C9FFFEE2E747C2D0079CEEB /* PBXTargetDependency */,
			);
			fileSystemSynchronizedGroups = (
				5CE73FA82E7417A9005AC381 /* KLineSwift */,
			);
			name = KLineSwift;
			productName = KLineSwift;
			productReference = 5CE73FA62E7417A9005AC381 /* KLineSwift.app */;
			productType = "com.apple.product-type.application";
		};
		5CE73FB32E7417AB005AC381 /* KLineSwiftTests */ = {
			isa = PBXNativeTarget;
			buildConfigurationList = 5CE73FCB2E7417AB005AC381 /* Build configuration list for PBXNativeTarget "KLineSwiftTests" */;
			buildPhases = (
				5CE73FB02E7417AB005AC381 /* Sources */,
				5CE73FB12E7417AB005AC381 /* Frameworks */,
				5CE73FB22E7417AB005AC381 /* Resources */,
			);
			buildRules = (
			);
			dependencies = (
				5CE73FB62E7417AB005AC381 /* PBXTargetDependency */,
			);
			fileSystemSynchronizedGroups = (
				5CE73FB72E7417AB005AC381 /* KLineSwiftTests */,
			);
			name = KLineSwiftTests;
			productName = KLineSwiftTests;
			productReference = 5CE73FB42E7417AB005AC381 /* KLineSwiftTests.xctest */;
			productType = "com.apple.product-type.bundle.unit-test";
		};
		5CE73FBD2E7417AB005AC381 /* KLineSwiftUITests */ = {
			isa = PBXNativeTarget;
			buildConfigurationList = 5CE73FCE2E7417AB005AC381 /* Build configuration list for PBXNativeTarget "KLineSwiftUITests" */;
			buildPhases = (
				5CE73FBA2E7417AB005AC381 /* Sources */,
				5CE73FBB2E7417AB005AC381 /* Frameworks */,
				5CE73FBC2E7417AB005AC381 /* Resources */,
			);
			buildRules = (
			);
			dependencies = (
				5CE73FC02E7417AB005AC381 /* PBXTargetDependency */,
			);
			fileSystemSynchronizedGroups = (
				5CE73FC12E7417AB005AC381 /* KLineSwiftUITests */,
			);
			name = KLineSwiftUITests;
			productName = KLineSwiftUITests;
			productReference = 5CE73FBE2E7417AB005AC381 /* KLineSwiftUITests.xctest */;
			productType = "com.apple.product-type.bundle.ui-testing";
		};
/* End PBXNativeTarget section */

/* Begin PBXProject section */
		5CE73F9E2E7417A9005AC381 /* Project object */ = {
			isa = PBXProject;
			attributes = {
				BuildIndependentTargetsInParallel = 1;
				LastSwiftUpdateCheck = 1640;
				LastUpgradeCheck = 1640;
				TargetAttributes = {
					5CE73FA52E7417A9005AC381 = {
						CreatedOnToolsVersion = 16.4;
					};
					5CE73FB32E7417AB005AC381 = {
						CreatedOnToolsVersion = 16.4;
						TestTargetID = 5CE73FA52E7417A9005AC381;
					};
					5CE73FBD2E7417AB005AC381 = {
						CreatedOnToolsVersion = 16.4;
						TestTargetID = 5CE73FA52E7417A9005AC381;
					};
				};
			};
			buildConfigurationList = 5CE73FA12E7417A9005AC381 /* Build configuration list for PBXProject "KLineSwift" */;
			developmentRegion = en;
			hasScannedForEncodings = 0;
			knownRegions = (
				en,
				Base,
			);
			mainGroup = 5CE73F9D2E7417A9005AC381;
			minimizedProjectReferenceProxies = 1;
			packageReferences = (
				5C9FFFAC2E7474710079CEEB /* XCRemoteSwiftPackageReference "LightweightChartsIOS" */,
			);
			preferredProjectObjectVersion = 77;
			productRefGroup = 5CE73FA72E7417A9005AC381 /* Products */;
			projectDirPath = "";
			projectRoot = "";
			targets = (
				5CE73FA52E7417A9005AC381 /* KLineSwift */,
				5CE73FB32E7417AB005AC381 /* KLineSwiftTests */,
				5CE73FBD2E7417AB005AC381 /* KLineSwiftUITests */,
			);
		};
/* End PBXProject section */

/* Begin PBXResourcesBuildPhase section */
		5CE73FA42E7417A9005AC381 /* Resources */ = {
			isa = PBXResourcesBuildPhase;
			buildActionMask = 2147483647;
			files = (
			);
			runOnlyForDeploymentPostprocessing = 0;
		};
		5CE73FB22E7417AB005AC381 /* Resources */ = {
			isa = PBXResourcesBuildPhase;
			buildActionMask = 2147483647;
			files = (
			);
			runOnlyForDeploymentPostprocessing = 0;
		};
		5CE73FBC2E7417AB005AC381 /* Resources */ = {
			isa = PBXResourcesBuildPhase;
			buildActionMask = 2147483647;
			files = (
			);
			runOnlyForDeploymentPostprocessing = 0;
		};
/* End PBXResourcesBuildPhase section */

/* Begin PBXSourcesBuildPhase section */
		5CE73FA22E7417A9005AC381 /* Sources */ = {
			isa = PBXSourcesBuildPhase;
			buildActionMask = 2147483647;
			files = (
			);
			runOnlyForDeploymentPostprocessing = 0;
		};
		5CE73FB02E7417AB005AC381 /* Sources */ = {
			isa = PBXSourcesBuildPhase;
			buildActionMask = 2147483647;
			files = (
			);
			runOnlyForDeploymentPostprocessing = 0;
		};
		5CE73FBA2E7417AB005AC381 /* Sources */ = {
			isa = PBXSourcesBuildPhase;
			buildActionMask = 2147483647;
			files = (
			);
			runOnlyForDeploymentPostprocessing = 0;
		};
/* End PBXSourcesBuildPhase section */

/* Begin PBXTargetDependency section */
		5C9FFFEE2E747C2D0079CEEB /* PBXTargetDependency */ = {
			isa = PBXTargetDependency;
			productRef = 5C9FFFED2E747C2D0079CEEB /* LightweightCharts */;
		};
		5CE73FB62E7417AB005AC381 /* PBXTargetDependency */ = {
			isa = PBXTargetDependency;
			target = 5CE73FA52E7417A9005AC381 /* KLineSwift */;
			targetProxy = 5CE73FB52E7417AB005AC381 /* PBXContainerItemProxy */;
		};
		5CE73FC02E7417AB005AC381 /* PBXTargetDependency */ = {
			isa = PBXTargetDependency;
			target = 5CE73FA52E7417A9005AC381 /* KLineSwift */;
			targetProxy = 5CE73FBF2E7417AB005AC381 /* PBXContainerItemProxy */;
		};
/* End PBXTargetDependency section */

/* Begin XCBuildConfiguration section */
		5CE73FC62E7417AB005AC381 /* Debug */ = {
			isa = XCBuildConfiguration;
			buildSettings = {
				ALWAYS_SEARCH_USER_PATHS = NO;
				ASSETCATALOG_COMPILER_GENERATE_SWIFT_ASSET_SYMBOL_EXTENSIONS = YES;
				CLANG_ANALYZER_NONNULL = YES;
				CLANG_ANALYZER_NUMBER_OBJECT_CONVERSION = YES_AGGRESSIVE;
				CLANG_CXX_LANGUAGE_STANDARD = "gnu++20";
				CLANG_ENABLE_MODULES = YES;
				CLANG_ENABLE_OBJC_ARC = YES;
				CLANG_ENABLE_OBJC_WEAK = YES;
				CLANG_WARN_BLOCK_CAPTURE_AUTORELEASING = YES;
				CLANG_WARN_BOOL_CONVERSION = YES;
				CLANG_WARN_COMMA = YES;
				CLANG_WARN_CONSTANT_CONVERSION = YES;
				CLANG_WARN_DEPRECATED_OBJC_IMPLEMENTATIONS = YES;
				CLANG_WARN_DIRECT_OBJC_ISA_USAGE = YES_ERROR;
				CLANG_WARN_DOCUMENTATION_COMMENTS = YES;
				CLANG_WARN_EMPTY_BODY = YES;
				CLANG_WARN_ENUM_CONVERSION = YES;
				CLANG_WARN_INFINITE_RECURSION = YES;
				CLANG_WARN_INT_CONVERSION = YES;
				CLANG_WARN_NON_LITERAL_NULL_CONVERSION = YES;
				CLANG_WARN_OBJC_IMPLICIT_RETAIN_SELF = YES;
				CLANG_WARN_OBJC_LITERAL_CONVERSION = YES;
				CLANG_WARN_OBJC_ROOT_CLASS = YES_ERROR;
				CLANG_WARN_QUOTED_INCLUDE_IN_FRAMEWORK_HEADER = YES;
				CLANG_WARN_RANGE_LOOP_ANALYSIS = YES;
				CLANG_WARN_STRICT_PROTOTYPES = YES;
				CLANG_WARN_SUSPICIOUS_MOVE = YES;
				CLANG_WARN_UNGUARDED_AVAILABILITY = YES_AGGRESSIVE;
				CLANG_WARN_UNREACHABLE_CODE = YES;
				CLANG_WARN__DUPLICATE_METHOD_MATCH = YES;
				COPY_PHASE_STRIP = NO;
				DEBUG_INFORMATION_FORMAT = dwarf;
				DEVELOPMENT_TEAM = GZ8ND9J538;
				ENABLE_STRICT_OBJC_MSGSEND = YES;
				ENABLE_TESTABILITY = YES;
				ENABLE_USER_SCRIPT_SANDBOXING = YES;
				GCC_C_LANGUAGE_STANDARD = gnu17;
				GCC_DYNAMIC_NO_PIC = NO;
				GCC_NO_COMMON_BLOCKS = YES;
				GCC_OPTIMIZATION_LEVEL = 0;
				GCC_PREPROCESSOR_DEFINITIONS = (
					"DEBUG=1",
					"$(inherited)",
				);
				GCC_WARN_64_TO_32_BIT_CONVERSION = YES;
				GCC_WARN_ABOUT_RETURN_TYPE = YES_ERROR;
				GCC_WARN_UNDECLARED_SELECTOR = YES;
				GCC_WARN_UNINITIALIZED_AUTOS = YES_AGGRESSIVE;
				GCC_WARN_UNUSED_FUNCTION = YES;
				GCC_WARN_UNUSED_VARIABLE = YES;
				LOCALIZATION_PREFERS_STRING_CATALOGS = YES;
				MTL_ENABLE_DEBUG_INFO = INCLUDE_SOURCE;
				MTL_FAST_MATH = YES;
				ONLY_ACTIVE_ARCH = YES;
				SWIFT_ACTIVE_COMPILATION_CONDITIONS = "DEBUG $(inherited)";
				SWIFT_OPTIMIZATION_LEVEL = "-Onone";
			};
			name = Debug;
		};
		5CE73FC72E7417AB005AC381 /* Release */ = {
			isa = XCBuildConfiguration;
			buildSettings = {
				ALWAYS_SEARCH_USER_PATHS = NO;
				ASSETCATALOG_COMPILER_GENERATE_SWIFT_ASSET_SYMBOL_EXTENSIONS = YES;
				CLANG_ANALYZER_NONNULL = YES;
				CLANG_ANALYZER_NUMBER_OBJECT_CONVERSION = YES_AGGRESSIVE;
				CLANG_CXX_LANGUAGE_STANDARD = "gnu++20";
				CLANG_ENABLE_MODULES = YES;
				CLANG_ENABLE_OBJC_ARC = YES;
				CLANG_ENABLE_OBJC_WEAK = YES;
				CLANG_WARN_BLOCK_CAPTURE_AUTORELEASING = YES;
				CLANG_WARN_BOOL_CONVERSION = YES;
				CLANG_WARN_COMMA = YES;
				CLANG_WARN_CONSTANT_CONVERSION = YES;
				CLANG_WARN_DEPRECATED_OBJC_IMPLEMENTATIONS = YES;
				CLANG_WARN_DIRECT_OBJC_ISA_USAGE = YES_ERROR;
				CLANG_WARN_DOCUMENTATION_COMMENTS = YES;
				CLANG_WARN_EMPTY_BODY = YES;
				CLANG_WARN_ENUM_CONVERSION = YES;
				CLANG_WARN_INFINITE_RECURSION = YES;
				CLANG_WARN_INT_CONVERSION = YES;
				CLANG_WARN_NON_LITERAL_NULL_CONVERSION = YES;
				CLANG_WARN_OBJC_IMPLICIT_RETAIN_SELF = YES;
				CLANG_WARN_OBJC_LITERAL_CONVERSION = YES;
				CLANG_WARN_OBJC_ROOT_CLASS = YES_ERROR;
				CLANG_WARN_QUOTED_INCLUDE_IN_FRAMEWORK_HEADER = YES;
				CLANG_WARN_RANGE_LOOP_ANALYSIS = YES;
				CLANG_WARN_STRICT_PROTOTYPES = YES;
				CLANG_WARN_SUSPICIOUS_MOVE = YES;
				CLANG_WARN_UNGUARDED_AVAILABILITY = YES_AGGRESSIVE;
				CLANG_WARN_UNREACHABLE_CODE = YES;
				CLANG_WARN__DUPLICATE_METHOD_MATCH = YES;
				COPY_PHASE_STRIP = NO;
				DEBUG_INFORMATION_FORMAT = "dwarf-with-dsym";
				DEVELOPMENT_TEAM = GZ8ND9J538;
				ENABLE_NS_ASSERTIONS = NO;
				ENABLE_STRICT_OBJC_MSGSEND = YES;
				ENABLE_USER_SCRIPT_SANDBOXING = YES;
				GCC_C_LANGUAGE_STANDARD = gnu17;
				GCC_NO_COMMON_BLOCKS = YES;
				GCC_WARN_64_TO_32_BIT_CONVERSION = YES;
				GCC_WARN_ABOUT_RETURN_TYPE = YES_ERROR;
				GCC_WARN_UNDECLARED_SELECTOR = YES;
				GCC_WARN_UNINITIALIZED_AUTOS = YES_AGGRESSIVE;
				GCC_WARN_UNUSED_FUNCTION = YES;
				GCC_WARN_UNUSED_VARIABLE = YES;
				LOCALIZATION_PREFERS_STRING_CATALOGS = YES;
				MTL_ENABLE_DEBUG_INFO = NO;
				MTL_FAST_MATH = YES;
				SWIFT_COMPILATION_MODE = wholemodule;
			};
			name = Release;
		};
		5CE73FC92E7417AB005AC381 /* Debug */ = {
			isa = XCBuildConfiguration;
			buildSettings = {
				ASSETCATALOG_COMPILER_APPICON_NAME = AppIcon;
				ASSETCATALOG_COMPILER_GLOBAL_ACCENT_COLOR_NAME = AccentColor;
				CODE_SIGN_ENTITLEMENTS = KLineSwift/KLineSwift.entitlements;
				CODE_SIGN_STYLE = Automatic;
				CURRENT_PROJECT_VERSION = 1;
				DEVELOPMENT_TEAM = GZ8ND9J538;
				ENABLE_HARDENED_RUNTIME = YES;
				ENABLE_PREVIEWS = YES;
				GENERATE_INFOPLIST_FILE = YES;
				INFOPLIST_KEY_NSBluetoothAlwaysUsageDescription = "Connect to ESP32";
				"INFOPLIST_KEY_UIApplicationSceneManifest_Generation[sdk=iphoneos*]" = YES;
				"INFOPLIST_KEY_UIApplicationSceneManifest_Generation[sdk=iphonesimulator*]" = YES;
				"INFOPLIST_KEY_UIApplicationSupportsIndirectInputEvents[sdk=iphoneos*]" = YES;
				"INFOPLIST_KEY_UIApplicationSupportsIndirectInputEvents[sdk=iphonesimulator*]" = YES;
				"INFOPLIST_KEY_UILaunchScreen_Generation[sdk=iphoneos*]" = YES;
				"INFOPLIST_KEY_UILaunchScreen_Generation[sdk=iphonesimulator*]" = YES;
				INFOPLIST_KEY_UIStatusBarStyle = "";
				"INFOPLIST_KEY_UIStatusBarStyle[sdk=iphoneos*]" = UIStatusBarStyleDefault;
				"INFOPLIST_KEY_UIStatusBarStyle[sdk=iphonesimulator*]" = UIStatusBarStyleDefault;
				INFOPLIST_KEY_UISupportedInterfaceOrientations = "UIInterfaceOrientationLandscapeLeft UIInterfaceOrientationLandscapeRight UIInterfaceOrientationPortrait";
				INFOPLIST_KEY_UISupportedInterfaceOrientations_iPad = "UIInterfaceOrientationLandscapeLeft UIInterfaceOrientationLandscapeRight";
				IPHONEOS_DEPLOYMENT_TARGET = 17.7.10;
				LD_RUNPATH_SEARCH_PATHS = "@executable_path/Frameworks";
				"LD_RUNPATH_SEARCH_PATHS[sdk=macosx*]" = "@executable_path/../Frameworks";
				MACOSX_DEPLOYMENT_TARGET = 15.5;
				MARKETING_VERSION = 1.0;
				PRODUCT_BUNDLE_IDENTIFIER = com.jack.KLineSwift;
				PRODUCT_NAME = "$(TARGET_NAME)";
				REGISTER_APP_GROUPS = YES;
				SDKROOT = auto;
				SUPPORTED_PLATFORMS = "iphoneos iphonesimulator macosx xros xrsimulator";
				SWIFT_EMIT_LOC_STRINGS = YES;
				SWIFT_VERSION = 5.0;
				TARGETED_DEVICE_FAMILY = "1,2,7";
				XROS_DEPLOYMENT_TARGET = 2.5;
			};
			name = Debug;
		};
		5CE73FCA2E7417AB005AC381 /* Release */ = {
			isa = XCBuildConfiguration;
			buildSettings = {
				ASSETCATALOG_COMPILER_APPICON_NAME = AppIcon;
				ASSETCATALOG_COMPILER_GLOBAL_ACCENT_COLOR_NAME = AccentColor;
				CODE_SIGN_ENTITLEMENTS = KLineSwift/KLineSwift.entitlements;
				CODE_SIGN_STYLE = Automatic;
				CURRENT_PROJECT_VERSION = 1;
				DEVELOPMENT_TEAM = GZ8ND9J538;
				ENABLE_HARDENED_RUNTIME = YES;
				ENABLE_PREVIEWS = YES;
				GENERATE_INFOPLIST_FILE = YES;
				INFOPLIST_KEY_NSBluetoothAlwaysUsageDescription = "Connect to ESP32";
				"INFOPLIST_KEY_UIApplicationSceneManifest_Generation[sdk=iphoneos*]" = YES;
				"INFOPLIST_KEY_UIApplicationSceneManifest_Generation[sdk=iphonesimulator*]" = YES;
				"INFOPLIST_KEY_UIApplicationSupportsIndirectInputEvents[sdk=iphoneos*]" = YES;
				"INFOPLIST_KEY_UIApplicationSupportsIndirectInputEvents[sdk=iphonesimulator*]" = YES;
				"INFOPLIST_KEY_UILaunchScreen_Generation[sdk=iphoneos*]" = YES;
				"INFOPLIST_KEY_UILaunchScreen_Generation[sdk=iphonesimulator*]" = YES;
				INFOPLIST_KEY_UIStatusBarStyle = "";
				"INFOPLIST_KEY_UIStatusBarStyle[sdk=iphoneos*]" = UIStatusBarStyleDefault;
				"INFOPLIST_KEY_UIStatusBarStyle[sdk=iphonesimulator*]" = UIStatusBarStyleDefault;
				INFOPLIST_KEY_UISupportedInterfaceOrientations = "UIInterfaceOrientationLandscapeLeft UIInterfaceOrientationLandscapeRight UIInterfaceOrientationPortrait";
				INFOPLIST_KEY_UISupportedInterfaceOrientations_iPad = "UIInterfaceOrientationLandscapeLeft UIInterfaceOrientationLandscapeRight";
				IPHONEOS_DEPLOYMENT_TARGET = 17.7.10;
				LD_RUNPATH_SEARCH_PATHS = "@executable_path/Frameworks";
				"LD_RUNPATH_SEARCH_PATHS[sdk=macosx*]" = "@executable_path/../Frameworks";
				MACOSX_DEPLOYMENT_TARGET = 15.5;
				MARKETING_VERSION = 1.0;
				PRODUCT_BUNDLE_IDENTIFIER = com.jack.KLineSwift;
				PRODUCT_NAME = "$(TARGET_NAME)";
				REGISTER_APP_GROUPS = YES;
				SDKROOT = auto;
				SUPPORTED_PLATFORMS = "iphoneos iphonesimulator macosx xros xrsimulator";
				SWIFT_EMIT_LOC_STRINGS = YES;
				SWIFT_VERSION = 5.0;
				TARGETED_DEVICE_FAMILY = "1,2,7";
				XROS_DEPLOYMENT_TARGET = 2.5;
			};
			name = Release;
		};
		5CE73FCC2E7417AB005AC381 /* Debug */ = {
			isa = XCBuildConfiguration;
			buildSettings = {
				BUNDLE_LOADER = "$(TEST_HOST)";
				CODE_SIGN_STYLE = Automatic;
				CURRENT_PROJECT_VERSION = 1;
				DEVELOPMENT_TEAM = GZ8ND9J538;
				GENERATE_INFOPLIST_FILE = YES;
				IPHONEOS_DEPLOYMENT_TARGET = 18.5;
				MACOSX_DEPLOYMENT_TARGET = 15.5;
				MARKETING_VERSION = 1.0;
				PRODUCT_BUNDLE_IDENTIFIER = com.jack.KLineSwiftTests;
				PRODUCT_NAME = "$(TARGET_NAME)";
				SDKROOT = auto;
				SUPPORTED_PLATFORMS = "iphoneos iphonesimulator macosx xros xrsimulator";
				SWIFT_EMIT_LOC_STRINGS = NO;
				SWIFT_VERSION = 5.0;
				TARGETED_DEVICE_FAMILY = "1,2,7";
				TEST_HOST = "$(BUILT_PRODUCTS_DIR)/KLineSwift.app/$(BUNDLE_EXECUTABLE_FOLDER_PATH)/KLineSwift";
				XROS_DEPLOYMENT_TARGET = 2.5;
			};
			name = Debug;
		};
		5CE73FCD2E7417AB005AC381 /* Release */ = {
			isa = XCBuildConfiguration;
			buildSettings = {
				BUNDLE_LOADER = "$(TEST_HOST)";
				CODE_SIGN_STYLE = Automatic;
				CURRENT_PROJECT_VERSION = 1;
				DEVELOPMENT_TEAM = GZ8ND9J538;
				GENERATE_INFOPLIST_FILE = YES;
				IPHONEOS_DEPLOYMENT_TARGET = 18.5;
				MACOSX_DEPLOYMENT_TARGET = 15.5;
				MARKETING_VERSION = 1.0;
				PRODUCT_BUNDLE_IDENTIFIER = com.jack.KLineSwiftTests;
				PRODUCT_NAME = "$(TARGET_NAME)";
				SDKROOT = auto;
				SUPPORTED_PLATFORMS = "iphoneos iphonesimulator macosx xros xrsimulator";
				SWIFT_EMIT_LOC_STRINGS = NO;
				SWIFT_VERSION = 5.0;
				TARGETED_DEVICE_FAMILY = "1,2,7";
				TEST_HOST = "$(BUILT_PRODUCTS_DIR)/KLineSwift.app/$(BUNDLE_EXECUTABLE_FOLDER_PATH)/KLineSwift";
				XROS_DEPLOYMENT_TARGET = 2.5;
			};
			name = Release;
		};
		5CE73FCF2E7417AB005AC381 /* Debug */ = {
			isa = XCBuildConfiguration;
			buildSettings = {
				CODE_SIGN_STYLE = Automatic;
				CURRENT_PROJECT_VERSION = 1;
				DEVELOPMENT_TEAM = GZ8ND9J538;
				GENERATE_INFOPLIST_FILE = YES;
				IPHONEOS_DEPLOYMENT_TARGET = 18.5;
				MACOSX_DEPLOYMENT_TARGET = 15.5;
				MARKETING_VERSION = 1.0;
				PRODUCT_BUNDLE_IDENTIFIER = com.jack.KLineSwiftUITests;
				PRODUCT_NAME = "$(TARGET_NAME)";
				SDKROOT = auto;
				SUPPORTED_PLATFORMS = "iphoneos iphonesimulator macosx xros xrsimulator";
				SWIFT_EMIT_LOC_STRINGS = NO;
				SWIFT_VERSION = 5.0;
				TARGETED_DEVICE_FAMILY = "1,2,7";
				TEST_TARGET_NAME = KLineSwift;
				XROS_DEPLOYMENT_TARGET = 2.5;
			};
			name = Debug;
		};
		5CE73FD02E7417AB005AC381 /* Release */ = {
			isa = XCBuildConfiguration;
			buildSettings = {
				CODE_SIGN_STYLE = Automatic;
				CURRENT_PROJECT_VERSION = 1;
				DEVELOPMENT_TEAM = GZ8ND9J538;
				GENERATE_INFOPLIST_FILE = YES;
				IPHONEOS_DEPLOYMENT_TARGET = 18.5;
				MACOSX_DEPLOYMENT_TARGET = 15.5;
				MARKETING_VERSION = 1.0;
				PRODUCT_BUNDLE_IDENTIFIER = com.jack.KLineSwiftUITests;
				PRODUCT_NAME = "$(TARGET_NAME)";
				SDKROOT = auto;
				SUPPORTED_PLATFORMS = "iphoneos iphonesimulator macosx xros xrsimulator";
				SWIFT_EMIT_LOC_STRINGS = NO;
				SWIFT_VERSION = 5.0;
				TARGETED_DEVICE_FAMILY = "1,2,7";
				TEST_TARGET_NAME = KLineSwift;
				XROS_DEPLOYMENT_TARGET = 2.5;
			};
			name = Release;
		};
/* End XCBuildConfiguration section */

/* Begin XCConfigurationList section */
		5CE73FA12E7417A9005AC381 /* Build configuration list for PBXProject "KLineSwift" */ = {
			isa = XCConfigurationList;
			buildConfigurations = (
				5CE73FC62E7417AB005AC381 /* Debug */,
				5CE73FC72E7417AB005AC381 /* Release */,
			);
			defaultConfigurationIsVisible = 0;
			defaultConfigurationName = Release;
		};
		5CE73FC82E7417AB005AC381 /* Build configuration list for PBXNativeTarget "KLineSwift" */ = {
			isa = XCConfigurationList;
			buildConfigurations = (
				5CE73FC92E7417AB005AC381 /* Debug */,
				5CE73FCA2E7417AB005AC381 /* Release */,
			);
			defaultConfigurationIsVisible = 0;
			defaultConfigurationName = Release;
		};
		5CE73FCB2E7417AB005AC381 /* Build configuration list for PBXNativeTarget "KLineSwiftTests" */ = {
			isa = XCConfigurationList;
			buildConfigurations = (
				5CE73FCC2E7417AB005AC381 /* Debug */,
				5CE73FCD2E7417AB005AC381 /* Release */,
			);
			defaultConfigurationIsVisible = 0;
			defaultConfigurationName = Release;
		};
		5CE73FCE2E7417AB005AC381 /* Build configuration list for PBXNativeTarget "KLineSwiftUITests" */ = {
			isa = XCConfigurationList;
			buildConfigurations = (
				5CE73FCF2E7417AB005AC381 /* Debug */,
				5CE73FD02E7417AB005AC381 /* Release */,
			);
			defaultConfigurationIsVisible = 0;
			defaultConfigurationName = Release;
		};
/* End XCConfigurationList section */

/* Begin XCRemoteSwiftPackageReference section */
		5C9FFFAC2E7474710079CEEB /* XCRemoteSwiftPackageReference "LightweightChartsIOS" */ = {
			isa = XCRemoteSwiftPackageReference;
			repositoryURL = "https://github.com/tradingview/LightweightChartsIOS.git";
			requirement = {
				kind = exactVersion;
				version = 3.8.0;
			};
		};
/* End XCRemoteSwiftPackageReference section */

/* Begin XCSwiftPackageProductDependency section */
		5C42B0692E7480560022EC41 /* LightweightCharts */ = {
			isa = XCSwiftPackageProductDependency;
			package = 5C9FFFAC2E7474710079CEEB /* XCRemoteSwiftPackageReference "LightweightChartsIOS" */;
			productName = LightweightCharts;
		};
		5C9FFFEB2E747B820079CEEB /* LightweightCharts */ = {
			isa = XCSwiftPackageProductDependency;
			package = 5C9FFFAC2E7474710079CEEB /* XCRemoteSwiftPackageReference "LightweightChartsIOS" */;
			productName = LightweightCharts;
		};
		5C9FFFED2E747C2D0079CEEB /* LightweightCharts */ = {
			isa = XCSwiftPackageProductDependency;
			package = 5C9FFFAC2E7474710079CEEB /* XCRemoteSwiftPackageReference "LightweightChartsIOS" */;
			productName = LightweightCharts;
		};
/* End XCSwiftPackageProductDependency section */
	};
	rootObject = 5CE73F9E2E7417A9005AC381 /* Project object */;
}
